// !$*UTF8*$!
{
	archiveVersion = 1;
	classes = {
	};
	objectVersion = 50;
	objects = {

/* Begin PBXBuildFile section */
		A118DA0A246E58C000184600 /* AppDelegate.swift in Sources */ = {isa = PBXBuildFile; fileRef = A118DA09246E58C000184600 /* AppDelegate.swift */; };
		A118DA0C246E58C300184600 /* Assets.xcassets in Resources */ = {isa = PBXBuildFile; fileRef = A118DA0B246E58C300184600 /* Assets.xcassets */; };
		A118DA3B246E5B2600184600 /* 3dglasses.cpp in Sources */ = {isa = PBXBuildFile; fileRef = A118DA19246E5B2500184600 /* 3dglasses.cpp */; };
		A118DA3C246E5B2600184600 /* timer.cpp in Sources */ = {isa = PBXBuildFile; fileRef = A118DA1F246E5B2500184600 /* timer.cpp */; };
		A118DA3D246E5B2600184600 /* tokenize.cpp in Sources */ = {isa = PBXBuildFile; fileRef = A118DA23246E5B2500184600 /* tokenize.cpp */; };
		A118DA3E246E5B2600184600 /* cvars.cpp in Sources */ = {isa = PBXBuildFile; fileRef = A118DA26246E5B2500184600 /* cvars.cpp */; };
		A118DA40246E5B2600184600 /* command.cpp in Sources */ = {isa = PBXBuildFile; fileRef = A118DA28246E5B2500184600 /* command.cpp */; };
		A118DA43246E5B2600184600 /* renderflags.cpp in Sources */ = {isa = PBXBuildFile; fileRef = A118DA2C246E5B2500184600 /* renderflags.cpp */; };
		A118DA44246E5B2600184600 /* menus.cpp in Sources */ = {isa = PBXBuildFile; fileRef = A118DA2D246E5B2500184600 /* menus.cpp */; };
		A118DA46246E5B2600184600 /* console.cpp in Sources */ = {isa = PBXBuildFile; fileRef = A118DA31246E5B2500184600 /* console.cpp */; };
		A118DA47246E5B2600184600 /* 3dgame.cpp in Sources */ = {isa = PBXBuildFile; fileRef = A118DA32246E5B2500184600 /* 3dgame.cpp */; };
		A118DA4A246E5B2600184600 /* commands.cpp in Sources */ = {isa = PBXBuildFile; fileRef = A118DA37246E5B2600184600 /* commands.cpp */; };
		A118DA64246F064800184600 /* Res in Resources */ = {isa = PBXBuildFile; fileRef = A118DA63246F064800184600 /* Res */; };
		A13BFE8E24FAB05C00073A6B /* Assets.xcassets in Resources */ = {isa = PBXBuildFile; fileRef = A13BFE8D24FAB05C00073A6B /* Assets.xcassets */; };
		A13BFE9124FAB05C00073A6B /* LaunchScreen.storyboard in Resources */ = {isa = PBXBuildFile; fileRef = A13BFE8F24FAB05C00073A6B /* LaunchScreen.storyboard */; };
		A13BFEA324FAB17600073A6B /* 3dgame.cpp in Sources */ = {isa = PBXBuildFile; fileRef = A118DA32246E5B2500184600 /* 3dgame.cpp */; };
		A13BFEA424FAB17800073A6B /* 3dglasses.cpp in Sources */ = {isa = PBXBuildFile; fileRef = A118DA19246E5B2500184600 /* 3dglasses.cpp */; };
		A13BFEA524FAB19900073A6B /* command.cpp in Sources */ = {isa = PBXBuildFile; fileRef = A118DA28246E5B2500184600 /* command.cpp */; };
		A13BFEA624FAB19900073A6B /* commands.cpp in Sources */ = {isa = PBXBuildFile; fileRef = A118DA37246E5B2600184600 /* commands.cpp */; };
		A13BFEA724FAB19900073A6B /* console.cpp in Sources */ = {isa = PBXBuildFile; fileRef = A118DA31246E5B2500184600 /* console.cpp */; };
		A13BFEA824FAB19900073A6B /* cvars.cpp in Sources */ = {isa = PBXBuildFile; fileRef = A118DA26246E5B2500184600 /* cvars.cpp */; };
		A13BFEA924FAB19900073A6B /* menus.cpp in Sources */ = {isa = PBXBuildFile; fileRef = A118DA2D246E5B2500184600 /* menus.cpp */; };
		A13BFEAA24FAB19900073A6B /* renderflags.cpp in Sources */ = {isa = PBXBuildFile; fileRef = A118DA2C246E5B2500184600 /* renderflags.cpp */; };
		A13BFEAB24FAB19900073A6B /* timer.cpp in Sources */ = {isa = PBXBuildFile; fileRef = A118DA1F246E5B2500184600 /* timer.cpp */; };
		A13BFEAC24FAB19900073A6B /* tokenize.cpp in Sources */ = {isa = PBXBuildFile; fileRef = A118DA23246E5B2500184600 /* tokenize.cpp */; };
		A13BFEAD24FAB1A600073A6B /* sys_ios.mm in Sources */ = {isa = PBXBuildFile; fileRef = A19BD4EE24F749EA00C5F088 /* sys_ios.mm */; };
		A13BFEAE24FAB1A900073A6B /* SDL_uikitviewcontroller+Additions.swift in Sources */ = {isa = PBXBuildFile; fileRef = A19BD4F124F74B0A00C5F088 /* SDL_uikitviewcontroller+Additions.swift */; };
		A13BFEAF24FAB1AD00073A6B /* JoyStickView.swift in Sources */ = {isa = PBXBuildFile; fileRef = A19BD4F324F74BC100C5F088 /* JoyStickView.swift */; };
		A13BFEB024FAB1B000073A6B /* CoreGraphics+Additions.swift in Sources */ = {isa = PBXBuildFile; fileRef = A19BD4F524F74BDC00C5F088 /* CoreGraphics+Additions.swift */; };
		A13BFEB124FAB31100073A6B /* libSDL2.a in Frameworks */ = {isa = PBXBuildFile; fileRef = A1D044CA24788D4800A90A5A /* libSDL2.a */; };
		A13BFEB224FAB31100073A6B /* libSDLmain.a in Frameworks */ = {isa = PBXBuildFile; fileRef = A1D044D024788D4800A90A5A /* libSDLmain.a */; };
		A13BFEB324FAB31100073A6B /* libSDL2_mixer.a in Frameworks */ = {isa = PBXBuildFile; fileRef = A1D044DB24788D5600A90A5A /* libSDL2_mixer.a */; };
		A13BFEBD24FAB34800073A6B /* OpenGLES.framework in Frameworks */ = {isa = PBXBuildFile; fileRef = A13BFEB424FAB34700073A6B /* OpenGLES.framework */; };
		A13BFEBE24FAB34800073A6B /* Foundation.framework in Frameworks */ = {isa = PBXBuildFile; fileRef = A13BFEB524FAB34700073A6B /* Foundation.framework */; };
		A13BFEBF24FAB34800073A6B /* AVFoundation.framework in Frameworks */ = {isa = PBXBuildFile; fileRef = A13BFEB624FAB34700073A6B /* AVFoundation.framework */; };
		A13BFEC024FAB34800073A6B /* GameController.framework in Frameworks */ = {isa = PBXBuildFile; fileRef = A13BFEB724FAB34700073A6B /* GameController.framework */; };
		A13BFEC124FAB34800073A6B /* QuartzCore.framework in Frameworks */ = {isa = PBXBuildFile; fileRef = A13BFEB824FAB34700073A6B /* QuartzCore.framework */; };
		A13BFEC224FAB34800073A6B /* UIKit.framework in Frameworks */ = {isa = PBXBuildFile; fileRef = A13BFEB924FAB34700073A6B /* UIKit.framework */; };
		A13BFEC324FAB34800073A6B /* Metal.framework in Frameworks */ = {isa = PBXBuildFile; fileRef = A13BFEBA24FAB34800073A6B /* Metal.framework */; };
		A13BFEC424FAB34800073A6B /* AudioToolbox.framework in Frameworks */ = {isa = PBXBuildFile; fileRef = A13BFEBB24FAB34800073A6B /* AudioToolbox.framework */; };
		A13BFEC524FAB34800073A6B /* CoreGraphics.framework in Frameworks */ = {isa = PBXBuildFile; fileRef = A13BFEBC24FAB34800073A6B /* CoreGraphics.framework */; };
		A13BFEC624FAB3DC00073A6B /* Res in Resources */ = {isa = PBXBuildFile; fileRef = A118DA63246F064800184600 /* Res */; };
		A19BD4CC24F4B8B700C5F088 /* AVFoundation.framework in Frameworks */ = {isa = PBXBuildFile; fileRef = A19BD4BE24F4B8B700C5F088 /* AVFoundation.framework */; };
		A19BD4CE24F4B8E200C5F088 /* AudioToolbox.framework in Frameworks */ = {isa = PBXBuildFile; fileRef = A19BD4CD24F4B8E200C5F088 /* AudioToolbox.framework */; };
		A19BD4D024F4B8EA00C5F088 /* GameController.framework in Frameworks */ = {isa = PBXBuildFile; fileRef = A19BD4CF24F4B8EA00C5F088 /* GameController.framework */; };
		A19BD4D224F4B8F200C5F088 /* CoreMotion.framework in Frameworks */ = {isa = PBXBuildFile; fileRef = A19BD4D124F4B8F200C5F088 /* CoreMotion.framework */; };
		A19BD4D624F4BFD500C5F088 /* UIKit.framework in Frameworks */ = {isa = PBXBuildFile; fileRef = A19BD4D524F4BFD500C5F088 /* UIKit.framework */; };
		A19BD4D824F4BFF400C5F088 /* Foundation.framework in Frameworks */ = {isa = PBXBuildFile; fileRef = A19BD4D724F4BFF400C5F088 /* Foundation.framework */; };
		A19BD4DA24F4C00300C5F088 /* CoreGraphics.framework in Frameworks */ = {isa = PBXBuildFile; fileRef = A19BD4D924F4C00300C5F088 /* CoreGraphics.framework */; };
		A19BD4DC24F4C04400C5F088 /* QuartzCore.framework in Frameworks */ = {isa = PBXBuildFile; fileRef = A19BD4DB24F4C04400C5F088 /* QuartzCore.framework */; };
		A19BD4DD24F4C1C100C5F088 /* Res in Resources */ = {isa = PBXBuildFile; fileRef = A118DA63246F064800184600 /* Res */; };
		A19BD4EA24F4CC3100C5F088 /* Metal.framework in Frameworks */ = {isa = PBXBuildFile; fileRef = A19BD4E924F4CC3100C5F088 /* Metal.framework */; };
		A19BD4EF24F749EA00C5F088 /* sys_ios.mm in Sources */ = {isa = PBXBuildFile; fileRef = A19BD4EE24F749EA00C5F088 /* sys_ios.mm */; };
		A19BD4F224F74B0A00C5F088 /* SDL_uikitviewcontroller+Additions.swift in Sources */ = {isa = PBXBuildFile; fileRef = A19BD4F124F74B0A00C5F088 /* SDL_uikitviewcontroller+Additions.swift */; };
		A19BD4F424F74BC100C5F088 /* JoyStickView.swift in Sources */ = {isa = PBXBuildFile; fileRef = A19BD4F324F74BC100C5F088 /* JoyStickView.swift */; };
		A19BD4F624F74BDC00C5F088 /* CoreGraphics+Additions.swift in Sources */ = {isa = PBXBuildFile; fileRef = A19BD4F524F74BDC00C5F088 /* CoreGraphics+Additions.swift */; };
		A1ABBF4124E4CF270020F6BD /* OpenGLES.framework in Frameworks */ = {isa = PBXBuildFile; fileRef = A1ABBF4024E4CF270020F6BD /* OpenGLES.framework */; };
		A1D044A624788C6C00A90A5A /* Assets.xcassets in Resources */ = {isa = PBXBuildFile; fileRef = A1D044A524788C6C00A90A5A /* Assets.xcassets */; };
		A1D044A924788C6C00A90A5A /* LaunchScreen.storyboard in Resources */ = {isa = PBXBuildFile; fileRef = A1D044A724788C6C00A90A5A /* LaunchScreen.storyboard */; };
		A1D044B424788CF100A90A5A /* libSDL2-2.0.0.dylib in Frameworks */ = {isa = PBXBuildFile; fileRef = A1D044B024788CD000A90A5A /* libSDL2-2.0.0.dylib */; };
		A1D044B524788CF300A90A5A /* OpenGL.framework in Frameworks */ = {isa = PBXBuildFile; fileRef = A1D044B224788CD100A90A5A /* OpenGL.framework */; };
		A1D044B724788CF700A90A5A /* libSDL2_mixer-2.0.0.dylib in Frameworks */ = {isa = PBXBuildFile; fileRef = A1D044AF24788CD000A90A5A /* libSDL2_mixer-2.0.0.dylib */; };
		A1D044DC24788DB300A90A5A /* 3dgame.cpp in Sources */ = {isa = PBXBuildFile; fileRef = A118DA32246E5B2500184600 /* 3dgame.cpp */; };
		A1D044DD24788DD500A90A5A /* 3dglasses.cpp in Sources */ = {isa = PBXBuildFile; fileRef = A118DA19246E5B2500184600 /* 3dglasses.cpp */; };
		A1D044DE24788DF900A90A5A /* command.cpp in Sources */ = {isa = PBXBuildFile; fileRef = A118DA28246E5B2500184600 /* command.cpp */; };
		A1D044DF24788DF900A90A5A /* commands.cpp in Sources */ = {isa = PBXBuildFile; fileRef = A118DA37246E5B2600184600 /* commands.cpp */; };
		A1D044E024788DF900A90A5A /* console.cpp in Sources */ = {isa = PBXBuildFile; fileRef = A118DA31246E5B2500184600 /* console.cpp */; };
		A1D044E124788DF900A90A5A /* cvars.cpp in Sources */ = {isa = PBXBuildFile; fileRef = A118DA26246E5B2500184600 /* cvars.cpp */; };
		A1D044E224788DF900A90A5A /* menus.cpp in Sources */ = {isa = PBXBuildFile; fileRef = A118DA2D246E5B2500184600 /* menus.cpp */; };
		A1D044E324788DF900A90A5A /* renderflags.cpp in Sources */ = {isa = PBXBuildFile; fileRef = A118DA2C246E5B2500184600 /* renderflags.cpp */; };
		A1D044E424788DF900A90A5A /* timer.cpp in Sources */ = {isa = PBXBuildFile; fileRef = A118DA1F246E5B2500184600 /* timer.cpp */; };
		A1D044E524788DF900A90A5A /* tokenize.cpp in Sources */ = {isa = PBXBuildFile; fileRef = A118DA23246E5B2500184600 /* tokenize.cpp */; };
		A1D044FA2478900100A90A5A /* libSDL2.a in Frameworks */ = {isa = PBXBuildFile; fileRef = A1D044C624788D4800A90A5A /* libSDL2.a */; };
		A1D044FB2478900100A90A5A /* libSDLmain.a in Frameworks */ = {isa = PBXBuildFile; fileRef = A1D044CE24788D4800A90A5A /* libSDLmain.a */; };
		A1D044FC2478900100A90A5A /* libSDL2_mixer.a in Frameworks */ = {isa = PBXBuildFile; fileRef = A1D044D924788D5600A90A5A /* libSDL2_mixer.a */; };
/* End PBXBuildFile section */

/* Begin PBXContainerItemProxy section */
		A1D044C524788D4800A90A5A /* PBXContainerItemProxy */ = {
			isa = PBXContainerItemProxy;
			containerPortal = A1D044B924788D4800A90A5A /* SDL.xcodeproj */;
			proxyType = 2;
			remoteGlobalIDString = FD6526630DE8FCCB002AD96B;
			remoteInfo = "libSDL-iOS";
		};
		A1D044C724788D4800A90A5A /* PBXContainerItemProxy */ = {
			isa = PBXContainerItemProxy;
			containerPortal = A1D044B924788D4800A90A5A /* SDL.xcodeproj */;
			proxyType = 2;
			remoteGlobalIDString = 52ED1E5C222889500061FCE0;
			remoteInfo = "libSDL-iOS-dylib";
		};
		A1D044C924788D4800A90A5A /* PBXContainerItemProxy */ = {
			isa = PBXContainerItemProxy;
			containerPortal = A1D044B924788D4800A90A5A /* SDL.xcodeproj */;
			proxyType = 2;
			remoteGlobalIDString = FAB598141BB5C1B100BE72C5;
			remoteInfo = "libSDL-tvOS";
		};
		A1D044CB24788D4800A90A5A /* PBXContainerItemProxy */ = {
			isa = PBXContainerItemProxy;
			containerPortal = A1D044B924788D4800A90A5A /* SDL.xcodeproj */;
			proxyType = 2;
			remoteGlobalIDString = F3E3C7572241389A007D243C;
			remoteInfo = "libSDL-tvOS-dylib";
		};
		A1D044CD24788D4800A90A5A /* PBXContainerItemProxy */ = {
			isa = PBXContainerItemProxy;
			containerPortal = A1D044B924788D4800A90A5A /* SDL.xcodeproj */;
			proxyType = 2;
			remoteGlobalIDString = F3E3C65222406928007D243C;
			remoteInfo = "libSDLmain-iOS";
		};
		A1D044CF24788D4800A90A5A /* PBXContainerItemProxy */ = {
			isa = PBXContainerItemProxy;
			containerPortal = A1D044B924788D4800A90A5A /* SDL.xcodeproj */;
			proxyType = 2;
			remoteGlobalIDString = F3E3C75F224138AE007D243C;
			remoteInfo = "libSDLmain-tvOS";
		};
		A1D044D824788D5600A90A5A /* PBXContainerItemProxy */ = {
			isa = PBXContainerItemProxy;
			containerPortal = A1D044D124788D5600A90A5A /* SDL_mixer.xcodeproj */;
			proxyType = 2;
			remoteGlobalIDString = BE1FA95407AF96B2004B6283;
			remoteInfo = "libSDL_mixer-iOS";
		};
		A1D044DA24788D5600A90A5A /* PBXContainerItemProxy */ = {
			isa = PBXContainerItemProxy;
			containerPortal = A1D044D124788D5600A90A5A /* SDL_mixer.xcodeproj */;
			proxyType = 2;
			remoteGlobalIDString = AA5314F11FE0FE2E0025C9BE;
			remoteInfo = "libSDL_mixer-tvOS";
		};
/* End PBXContainerItemProxy section */

/* Begin PBXCopyFilesBuildPhase section */
		A118DA5A246EE85000184600 /* Embed Libraries */ = {
			isa = PBXCopyFilesBuildPhase;
			buildActionMask = 2147483647;
			dstPath = "";
			dstSubfolderSpec = 10;
			files = (
			);
			name = "Embed Libraries";
			runOnlyForDeploymentPostprocessing = 0;
		};
/* End PBXCopyFilesBuildPhase section */

/* Begin PBXFileReference section */
		A118DA06246E58BF00184600 /* disasteroids3d-macOS.app */ = {isa = PBXFileReference; explicitFileType = wrapper.application; includeInIndex = 0; path = "disasteroids3d-macOS.app"; sourceTree = BUILT_PRODUCTS_DIR; };
		A118DA09246E58C000184600 /* AppDelegate.swift */ = {isa = PBXFileReference; lastKnownFileType = sourcecode.swift; path = AppDelegate.swift; sourceTree = "<group>"; };
		A118DA0B246E58C300184600 /* Assets.xcassets */ = {isa = PBXFileReference; lastKnownFileType = folder.assetcatalog; path = Assets.xcassets; sourceTree = "<group>"; };
		A118DA10246E58C400184600 /* Info.plist */ = {isa = PBXFileReference; lastKnownFileType = text.plist.xml; path = Info.plist; sourceTree = "<group>"; };
		A118DA11246E58C400184600 /* disasteroids3d.entitlements */ = {isa = PBXFileReference; lastKnownFileType = text.plist.entitlements; path = disasteroids3d.entitlements; sourceTree = "<group>"; };
		A118DA18246E5B2400184600 /* disasteroids3d-Bridging-Header.h */ = {isa = PBXFileReference; lastKnownFileType = sourcecode.c.h; path = "disasteroids3d-Bridging-Header.h"; sourceTree = "<group>"; };
		A118DA19246E5B2500184600 /* 3dglasses.cpp */ = {isa = PBXFileReference; fileEncoding = 4; lastKnownFileType = sourcecode.cpp.cpp; path = 3dglasses.cpp; sourceTree = "<group>"; };
		A118DA1A246E5B2500184600 /* commands.h */ = {isa = PBXFileReference; fileEncoding = 4; lastKnownFileType = sourcecode.c.h; path = commands.h; sourceTree = "<group>"; };
		A118DA1B246E5B2500184600 /* glext.h */ = {isa = PBXFileReference; fileEncoding = 4; lastKnownFileType = sourcecode.c.h; path = glext.h; sourceTree = "<group>"; };
		A118DA1C246E5B2500184600 /* modeldata.h */ = {isa = PBXFileReference; fileEncoding = 4; lastKnownFileType = sourcecode.c.h; path = modeldata.h; sourceTree = "<group>"; };
		A118DA1D246E5B2500184600 /* 3dglasses.h */ = {isa = PBXFileReference; fileEncoding = 4; lastKnownFileType = sourcecode.c.h; path = 3dglasses.h; sourceTree = "<group>"; };
		A118DA1E246E5B2500184600 /* game.h */ = {isa = PBXFileReference; fileEncoding = 4; lastKnownFileType = sourcecode.c.h; path = game.h; sourceTree = "<group>"; };
		A118DA1F246E5B2500184600 /* timer.cpp */ = {isa = PBXFileReference; fileEncoding = 4; lastKnownFileType = sourcecode.cpp.cpp; path = timer.cpp; sourceTree = "<group>"; };
		A118DA20246E5B2500184600 /* console.h */ = {isa = PBXFileReference; fileEncoding = 4; lastKnownFileType = sourcecode.c.h; path = console.h; sourceTree = "<group>"; };
		A118DA21246E5B2500184600 /* LookupTables.h */ = {isa = PBXFileReference; fileEncoding = 4; lastKnownFileType = sourcecode.c.h; path = LookupTables.h; sourceTree = "<group>"; };
		A118DA22246E5B2500184600 /* timer.h */ = {isa = PBXFileReference; fileEncoding = 4; lastKnownFileType = sourcecode.c.h; path = timer.h; sourceTree = "<group>"; };
		A118DA23246E5B2500184600 /* tokenize.cpp */ = {isa = PBXFileReference; fileEncoding = 4; lastKnownFileType = sourcecode.cpp.cpp; path = tokenize.cpp; sourceTree = "<group>"; };
		A118DA24246E5B2500184600 /* renderflags.h */ = {isa = PBXFileReference; fileEncoding = 4; lastKnownFileType = sourcecode.c.h; path = renderflags.h; sourceTree = "<group>"; };
		A118DA25246E5B2500184600 /* resource.h */ = {isa = PBXFileReference; fileEncoding = 4; lastKnownFileType = sourcecode.c.h; path = resource.h; sourceTree = "<group>"; };
		A118DA26246E5B2500184600 /* cvars.cpp */ = {isa = PBXFileReference; fileEncoding = 4; lastKnownFileType = sourcecode.cpp.cpp; path = cvars.cpp; sourceTree = "<group>"; };
		A118DA27246E5B2500184600 /* commands.c */ = {isa = PBXFileReference; fileEncoding = 4; lastKnownFileType = sourcecode.c.c; path = commands.c; sourceTree = "<group>"; };
		A118DA28246E5B2500184600 /* command.cpp */ = {isa = PBXFileReference; fileEncoding = 4; lastKnownFileType = sourcecode.cpp.cpp; path = command.cpp; sourceTree = "<group>"; };
		A118DA29246E5B2500184600 /* game.cpp */ = {isa = PBXFileReference; fileEncoding = 4; lastKnownFileType = sourcecode.cpp.cpp; path = game.cpp; sourceTree = "<group>"; };
		A118DA2A246E5B2500184600 /* diutil.cpp */ = {isa = PBXFileReference; fileEncoding = 4; lastKnownFileType = sourcecode.cpp.cpp; path = diutil.cpp; sourceTree = "<group>"; };
		A118DA2B246E5B2500184600 /* command.h */ = {isa = PBXFileReference; fileEncoding = 4; lastKnownFileType = sourcecode.c.h; path = command.h; sourceTree = "<group>"; };
		A118DA2C246E5B2500184600 /* renderflags.cpp */ = {isa = PBXFileReference; fileEncoding = 4; lastKnownFileType = sourcecode.cpp.cpp; path = renderflags.cpp; sourceTree = "<group>"; };
		A118DA2D246E5B2500184600 /* menus.cpp */ = {isa = PBXFileReference; fileEncoding = 4; lastKnownFileType = sourcecode.cpp.cpp; path = menus.cpp; sourceTree = "<group>"; };
		A118DA2E246E5B2500184600 /* mp3control.h */ = {isa = PBXFileReference; fileEncoding = 4; lastKnownFileType = sourcecode.c.h; path = mp3control.h; sourceTree = "<group>"; };
		A118DA2F246E5B2500184600 /* diutil.h */ = {isa = PBXFileReference; fileEncoding = 4; lastKnownFileType = sourcecode.c.h; path = diutil.h; sourceTree = "<group>"; };
		A118DA30246E5B2500184600 /* font.cpp */ = {isa = PBXFileReference; fileEncoding = 4; lastKnownFileType = sourcecode.cpp.cpp; path = font.cpp; sourceTree = "<group>"; };
		A118DA31246E5B2500184600 /* console.cpp */ = {isa = PBXFileReference; fileEncoding = 4; lastKnownFileType = sourcecode.cpp.cpp; path = console.cpp; sourceTree = "<group>"; };
		A118DA32246E5B2500184600 /* 3dgame.cpp */ = {isa = PBXFileReference; fileEncoding = 4; lastKnownFileType = sourcecode.cpp.cpp; path = 3dgame.cpp; sourceTree = "<group>"; };
		A118DA33246E5B2500184600 /* menus.h */ = {isa = PBXFileReference; fileEncoding = 4; lastKnownFileType = sourcecode.c.h; path = menus.h; sourceTree = "<group>"; };
		A118DA34246E5B2500184600 /* cvars.h */ = {isa = PBXFileReference; fileEncoding = 4; lastKnownFileType = sourcecode.c.h; path = cvars.h; sourceTree = "<group>"; };
		A118DA35246E5B2600184600 /* dsutil.cpp */ = {isa = PBXFileReference; fileEncoding = 4; lastKnownFileType = sourcecode.cpp.cpp; path = dsutil.cpp; sourceTree = "<group>"; };
		A118DA36246E5B2600184600 /* mp3control.cpp */ = {isa = PBXFileReference; fileEncoding = 4; lastKnownFileType = sourcecode.cpp.cpp; path = mp3control.cpp; sourceTree = "<group>"; };
		A118DA37246E5B2600184600 /* commands.cpp */ = {isa = PBXFileReference; fileEncoding = 4; lastKnownFileType = sourcecode.cpp.cpp; path = commands.cpp; sourceTree = "<group>"; };
		A118DA38246E5B2600184600 /* tokenize.h */ = {isa = PBXFileReference; fileEncoding = 4; lastKnownFileType = sourcecode.c.h; path = tokenize.h; sourceTree = "<group>"; };
		A118DA39246E5B2600184600 /* vec.h */ = {isa = PBXFileReference; fileEncoding = 4; lastKnownFileType = sourcecode.c.h; path = vec.h; sourceTree = "<group>"; };
		A118DA3A246E5B2600184600 /* dsutil.h */ = {isa = PBXFileReference; fileEncoding = 4; lastKnownFileType = sourcecode.c.h; path = dsutil.h; sourceTree = "<group>"; };
		A118DA63246F064800184600 /* Res */ = {isa = PBXFileReference; lastKnownFileType = folder; path = Res; sourceTree = "<group>"; };
		A13BFE8424FAB05700073A6B /* disasteroids3d-tvOS.app */ = {isa = PBXFileReference; explicitFileType = wrapper.application; includeInIndex = 0; path = "disasteroids3d-tvOS.app"; sourceTree = BUILT_PRODUCTS_DIR; };
		A13BFE8D24FAB05C00073A6B /* Assets.xcassets */ = {isa = PBXFileReference; lastKnownFileType = folder.assetcatalog; path = Assets.xcassets; sourceTree = "<group>"; };
		A13BFE9024FAB05C00073A6B /* Base */ = {isa = PBXFileReference; lastKnownFileType = file.storyboard; name = Base; path = Base.lproj/LaunchScreen.storyboard; sourceTree = "<group>"; };
		A13BFE9224FAB05C00073A6B /* Info.plist */ = {isa = PBXFileReference; lastKnownFileType = text.plist.xml; path = Info.plist; sourceTree = "<group>"; };
		A13BFEB424FAB34700073A6B /* OpenGLES.framework */ = {isa = PBXFileReference; lastKnownFileType = wrapper.framework; name = OpenGLES.framework; path = Platforms/AppleTVOS.platform/Developer/SDKs/AppleTVOS13.4.sdk/System/Library/Frameworks/OpenGLES.framework; sourceTree = DEVELOPER_DIR; };
		A13BFEB524FAB34700073A6B /* Foundation.framework */ = {isa = PBXFileReference; lastKnownFileType = wrapper.framework; name = Foundation.framework; path = Platforms/AppleTVOS.platform/Developer/SDKs/AppleTVOS13.4.sdk/System/Library/Frameworks/Foundation.framework; sourceTree = DEVELOPER_DIR; };
		A13BFEB624FAB34700073A6B /* AVFoundation.framework */ = {isa = PBXFileReference; lastKnownFileType = wrapper.framework; name = AVFoundation.framework; path = Platforms/AppleTVOS.platform/Developer/SDKs/AppleTVOS13.4.sdk/System/Library/Frameworks/AVFoundation.framework; sourceTree = DEVELOPER_DIR; };
		A13BFEB724FAB34700073A6B /* GameController.framework */ = {isa = PBXFileReference; lastKnownFileType = wrapper.framework; name = GameController.framework; path = Platforms/AppleTVOS.platform/Developer/SDKs/AppleTVOS13.4.sdk/System/Library/Frameworks/GameController.framework; sourceTree = DEVELOPER_DIR; };
		A13BFEB824FAB34700073A6B /* QuartzCore.framework */ = {isa = PBXFileReference; lastKnownFileType = wrapper.framework; name = QuartzCore.framework; path = Platforms/AppleTVOS.platform/Developer/SDKs/AppleTVOS13.4.sdk/System/Library/Frameworks/QuartzCore.framework; sourceTree = DEVELOPER_DIR; };
		A13BFEB924FAB34700073A6B /* UIKit.framework */ = {isa = PBXFileReference; lastKnownFileType = wrapper.framework; name = UIKit.framework; path = Platforms/AppleTVOS.platform/Developer/SDKs/AppleTVOS13.4.sdk/System/Library/Frameworks/UIKit.framework; sourceTree = DEVELOPER_DIR; };
		A13BFEBA24FAB34800073A6B /* Metal.framework */ = {isa = PBXFileReference; lastKnownFileType = wrapper.framework; name = Metal.framework; path = Platforms/AppleTVOS.platform/Developer/SDKs/AppleTVOS13.4.sdk/System/Library/Frameworks/Metal.framework; sourceTree = DEVELOPER_DIR; };
		A13BFEBB24FAB34800073A6B /* AudioToolbox.framework */ = {isa = PBXFileReference; lastKnownFileType = wrapper.framework; name = AudioToolbox.framework; path = Platforms/AppleTVOS.platform/Developer/SDKs/AppleTVOS13.4.sdk/System/Library/Frameworks/AudioToolbox.framework; sourceTree = DEVELOPER_DIR; };
		A13BFEBC24FAB34800073A6B /* CoreGraphics.framework */ = {isa = PBXFileReference; lastKnownFileType = wrapper.framework; name = CoreGraphics.framework; path = Platforms/AppleTVOS.platform/Developer/SDKs/AppleTVOS13.4.sdk/System/Library/Frameworks/CoreGraphics.framework; sourceTree = DEVELOPER_DIR; };
		A19BD4BE24F4B8B700C5F088 /* AVFoundation.framework */ = {isa = PBXFileReference; lastKnownFileType = wrapper.framework; name = AVFoundation.framework; path = Platforms/iPhoneOS.platform/Developer/SDKs/iPhoneOS13.6.sdk/System/Library/Frameworks/AVFoundation.framework; sourceTree = DEVELOPER_DIR; };
		A19BD4CD24F4B8E200C5F088 /* AudioToolbox.framework */ = {isa = PBXFileReference; lastKnownFileType = wrapper.framework; name = AudioToolbox.framework; path = Platforms/iPhoneOS.platform/Developer/SDKs/iPhoneOS13.6.sdk/System/Library/Frameworks/AudioToolbox.framework; sourceTree = DEVELOPER_DIR; };
		A19BD4CF24F4B8EA00C5F088 /* GameController.framework */ = {isa = PBXFileReference; lastKnownFileType = wrapper.framework; name = GameController.framework; path = Platforms/iPhoneOS.platform/Developer/SDKs/iPhoneOS13.6.sdk/System/Library/Frameworks/GameController.framework; sourceTree = DEVELOPER_DIR; };
		A19BD4D124F4B8F200C5F088 /* CoreMotion.framework */ = {isa = PBXFileReference; lastKnownFileType = wrapper.framework; name = CoreMotion.framework; path = Platforms/iPhoneOS.platform/Developer/SDKs/iPhoneOS13.6.sdk/System/Library/Frameworks/CoreMotion.framework; sourceTree = DEVELOPER_DIR; };
		A19BD4D524F4BFD500C5F088 /* UIKit.framework */ = {isa = PBXFileReference; lastKnownFileType = wrapper.framework; name = UIKit.framework; path = Platforms/iPhoneOS.platform/Developer/SDKs/iPhoneOS13.6.sdk/System/Library/Frameworks/UIKit.framework; sourceTree = DEVELOPER_DIR; };
		A19BD4D724F4BFF400C5F088 /* Foundation.framework */ = {isa = PBXFileReference; lastKnownFileType = wrapper.framework; name = Foundation.framework; path = Platforms/iPhoneOS.platform/Developer/SDKs/iPhoneOS13.6.sdk/System/Library/Frameworks/Foundation.framework; sourceTree = DEVELOPER_DIR; };
		A19BD4D924F4C00300C5F088 /* CoreGraphics.framework */ = {isa = PBXFileReference; lastKnownFileType = wrapper.framework; name = CoreGraphics.framework; path = Platforms/iPhoneOS.platform/Developer/SDKs/iPhoneOS13.6.sdk/System/Library/Frameworks/CoreGraphics.framework; sourceTree = DEVELOPER_DIR; };
		A19BD4DB24F4C04400C5F088 /* QuartzCore.framework */ = {isa = PBXFileReference; lastKnownFileType = wrapper.framework; name = QuartzCore.framework; path = Platforms/iPhoneOS.platform/Developer/SDKs/iPhoneOS13.6.sdk/System/Library/Frameworks/QuartzCore.framework; sourceTree = DEVELOPER_DIR; };
		A19BD4E924F4CC3100C5F088 /* Metal.framework */ = {isa = PBXFileReference; lastKnownFileType = wrapper.framework; name = Metal.framework; path = Platforms/iPhoneOS.platform/Developer/SDKs/iPhoneOS13.6.sdk/System/Library/Frameworks/Metal.framework; sourceTree = DEVELOPER_DIR; };
		A19BD4ED24F7491F00C5F088 /* bridging.h */ = {isa = PBXFileReference; lastKnownFileType = sourcecode.c.h; path = bridging.h; sourceTree = "<group>"; };
		A19BD4EE24F749EA00C5F088 /* sys_ios.mm */ = {isa = PBXFileReference; lastKnownFileType = sourcecode.cpp.objcpp; path = sys_ios.mm; sourceTree = "<group>"; };
		A19BD4F024F74A4000C5F088 /* sys_ios.h */ = {isa = PBXFileReference; lastKnownFileType = sourcecode.c.h; path = sys_ios.h; sourceTree = "<group>"; };
		A19BD4F124F74B0A00C5F088 /* SDL_uikitviewcontroller+Additions.swift */ = {isa = PBXFileReference; lastKnownFileType = sourcecode.swift; path = "SDL_uikitviewcontroller+Additions.swift"; sourceTree = "<group>"; };
		A19BD4F324F74BC100C5F088 /* JoyStickView.swift */ = {isa = PBXFileReference; lastKnownFileType = sourcecode.swift; path = JoyStickView.swift; sourceTree = "<group>"; };
		A19BD4F524F74BDC00C5F088 /* CoreGraphics+Additions.swift */ = {isa = PBXFileReference; lastKnownFileType = sourcecode.swift; path = "CoreGraphics+Additions.swift"; sourceTree = "<group>"; };
		A1ABBF4024E4CF270020F6BD /* OpenGLES.framework */ = {isa = PBXFileReference; lastKnownFileType = wrapper.framework; name = OpenGLES.framework; path = Platforms/iPhoneOS.platform/Developer/SDKs/iPhoneOS13.6.sdk/System/Library/Frameworks/OpenGLES.framework; sourceTree = DEVELOPER_DIR; };
		A1D0449A24788C6A00A90A5A /* Disasteroids 3D.app */ = {isa = PBXFileReference; explicitFileType = wrapper.application; includeInIndex = 0; path = "Disasteroids 3D.app"; sourceTree = BUILT_PRODUCTS_DIR; };
		A1D044A524788C6C00A90A5A /* Assets.xcassets */ = {isa = PBXFileReference; lastKnownFileType = folder.assetcatalog; path = Assets.xcassets; sourceTree = "<group>"; };
		A1D044A824788C6C00A90A5A /* Base */ = {isa = PBXFileReference; lastKnownFileType = file.storyboard; name = Base; path = Base.lproj/LaunchScreen.storyboard; sourceTree = "<group>"; };
		A1D044AA24788C6C00A90A5A /* Info.plist */ = {isa = PBXFileReference; lastKnownFileType = text.plist.xml; path = Info.plist; sourceTree = "<group>"; };
		A1D044AF24788CD000A90A5A /* libSDL2_mixer-2.0.0.dylib */ = {isa = PBXFileReference; lastKnownFileType = "compiled.mach-o.dylib"; path = "libSDL2_mixer-2.0.0.dylib"; sourceTree = "<group>"; };
		A1D044B024788CD000A90A5A /* libSDL2-2.0.0.dylib */ = {isa = PBXFileReference; lastKnownFileType = "compiled.mach-o.dylib"; path = "libSDL2-2.0.0.dylib"; sourceTree = "<group>"; };
		A1D044B224788CD100A90A5A /* OpenGL.framework */ = {isa = PBXFileReference; lastKnownFileType = wrapper.framework; name = OpenGL.framework; path = System/Library/Frameworks/OpenGL.framework; sourceTree = SDKROOT; };
		A1D044B924788D4800A90A5A /* SDL.xcodeproj */ = {isa = PBXFileReference; lastKnownFileType = "wrapper.pb-project"; name = SDL.xcodeproj; path = "SDL2/Xcode-iOS/SDL/SDL.xcodeproj"; sourceTree = "<group>"; };
		A1D044D124788D5600A90A5A /* SDL_mixer.xcodeproj */ = {isa = PBXFileReference; lastKnownFileType = "wrapper.pb-project"; name = SDL_mixer.xcodeproj; path = "SDL2_mixer/Xcode-iOS/SDL_mixer.xcodeproj"; sourceTree = "<group>"; };
/* End PBXFileReference section */

/* Begin PBXFrameworksBuildPhase section */
		A118DA03246E58BF00184600 /* Frameworks */ = {
			isa = PBXFrameworksBuildPhase;
			buildActionMask = 2147483647;
			files = (
				A1D044B424788CF100A90A5A /* libSDL2-2.0.0.dylib in Frameworks */,
				A1D044B724788CF700A90A5A /* libSDL2_mixer-2.0.0.dylib in Frameworks */,
				A1D044B524788CF300A90A5A /* OpenGL.framework in Frameworks */,
			);
			runOnlyForDeploymentPostprocessing = 0;
		};
		A13BFE8124FAB05700073A6B /* Frameworks */ = {
			isa = PBXFrameworksBuildPhase;
			buildActionMask = 2147483647;
			files = (
				A13BFEC524FAB34800073A6B /* CoreGraphics.framework in Frameworks */,
				A13BFEC124FAB34800073A6B /* QuartzCore.framework in Frameworks */,
				A13BFEC224FAB34800073A6B /* UIKit.framework in Frameworks */,
				A13BFEC324FAB34800073A6B /* Metal.framework in Frameworks */,
				A13BFEC424FAB34800073A6B /* AudioToolbox.framework in Frameworks */,
				A13BFEBE24FAB34800073A6B /* Foundation.framework in Frameworks */,
				A13BFEC024FAB34800073A6B /* GameController.framework in Frameworks */,
				A13BFEB324FAB31100073A6B /* libSDL2_mixer.a in Frameworks */,
				A13BFEBF24FAB34800073A6B /* AVFoundation.framework in Frameworks */,
				A13BFEB224FAB31100073A6B /* libSDLmain.a in Frameworks */,
				A13BFEB124FAB31100073A6B /* libSDL2.a in Frameworks */,
				A13BFEBD24FAB34800073A6B /* OpenGLES.framework in Frameworks */,
			);
			runOnlyForDeploymentPostprocessing = 0;
		};
		A1D0449724788C6A00A90A5A /* Frameworks */ = {
			isa = PBXFrameworksBuildPhase;
			buildActionMask = 2147483647;
			files = (
				A1D044FA2478900100A90A5A /* libSDL2.a in Frameworks */,
				A19BD4D624F4BFD500C5F088 /* UIKit.framework in Frameworks */,
				A19BD4D024F4B8EA00C5F088 /* GameController.framework in Frameworks */,
				A1D044FB2478900100A90A5A /* libSDLmain.a in Frameworks */,
				A19BD4CC24F4B8B700C5F088 /* AVFoundation.framework in Frameworks */,
				A19BD4EA24F4CC3100C5F088 /* Metal.framework in Frameworks */,
				A19BD4D824F4BFF400C5F088 /* Foundation.framework in Frameworks */,
				A1D044FC2478900100A90A5A /* libSDL2_mixer.a in Frameworks */,
				A1ABBF4124E4CF270020F6BD /* OpenGLES.framework in Frameworks */,
				A19BD4DC24F4C04400C5F088 /* QuartzCore.framework in Frameworks */,
				A19BD4CE24F4B8E200C5F088 /* AudioToolbox.framework in Frameworks */,
				A19BD4DA24F4C00300C5F088 /* CoreGraphics.framework in Frameworks */,
				A19BD4D224F4B8F200C5F088 /* CoreMotion.framework in Frameworks */,
			);
			runOnlyForDeploymentPostprocessing = 0;
		};
/* End PBXFrameworksBuildPhase section */

/* Begin PBXGroup section */
		A118D9FD246E58BF00184600 = {
			isa = PBXGroup;
			children = (
				A118DA63246F064800184600 /* Res */,
				A118DA17246E5A6400184600 /* disasteroids3d */,
				A118DA08246E58C000184600 /* disasteroids3d-macOS */,
				A1D0449B24788C6A00A90A5A /* disasteroids3d-iOS */,
				A13BFE8524FAB05700073A6B /* disasteroids3d-tvOS */,
				A118DA07246E58C000184600 /* Products */,
				A118DA4B246E5BD000184600 /* Frameworks */,
			);
			sourceTree = "<group>";
		};
		A118DA07246E58C000184600 /* Products */ = {
			isa = PBXGroup;
			children = (
				A118DA06246E58BF00184600 /* disasteroids3d-macOS.app */,
				A1D0449A24788C6A00A90A5A /* Disasteroids 3D.app */,
				A13BFE8424FAB05700073A6B /* disasteroids3d-tvOS.app */,
			);
			name = Products;
			sourceTree = "<group>";
		};
		A118DA08246E58C000184600 /* disasteroids3d-macOS */ = {
			isa = PBXGroup;
			children = (
				A118DA09246E58C000184600 /* AppDelegate.swift */,
				A118DA0B246E58C300184600 /* Assets.xcassets */,
				A118DA10246E58C400184600 /* Info.plist */,
				A118DA11246E58C400184600 /* disasteroids3d.entitlements */,
			);
			path = "disasteroids3d-macOS";
			sourceTree = "<group>";
		};
		A118DA17246E5A6400184600 /* disasteroids3d */ = {
			isa = PBXGroup;
			children = (
				A118DA32246E5B2500184600 /* 3dgame.cpp */,
				A118DA19246E5B2500184600 /* 3dglasses.cpp */,
				A118DA1D246E5B2500184600 /* 3dglasses.h */,
				A118DA28246E5B2500184600 /* command.cpp */,
				A118DA2B246E5B2500184600 /* command.h */,
				A118DA27246E5B2500184600 /* commands.c */,
				A118DA37246E5B2600184600 /* commands.cpp */,
				A118DA1A246E5B2500184600 /* commands.h */,
				A118DA31246E5B2500184600 /* console.cpp */,
				A118DA20246E5B2500184600 /* console.h */,
				A118DA26246E5B2500184600 /* cvars.cpp */,
				A118DA34246E5B2500184600 /* cvars.h */,
				A118DA2A246E5B2500184600 /* diutil.cpp */,
				A118DA2F246E5B2500184600 /* diutil.h */,
				A118DA35246E5B2600184600 /* dsutil.cpp */,
				A118DA3A246E5B2600184600 /* dsutil.h */,
				A118DA30246E5B2500184600 /* font.cpp */,
				A118DA29246E5B2500184600 /* game.cpp */,
				A118DA1E246E5B2500184600 /* game.h */,
				A118DA1B246E5B2500184600 /* glext.h */,
				A118DA21246E5B2500184600 /* LookupTables.h */,
				A118DA2D246E5B2500184600 /* menus.cpp */,
				A118DA33246E5B2500184600 /* menus.h */,
				A118DA1C246E5B2500184600 /* modeldata.h */,
				A118DA36246E5B2600184600 /* mp3control.cpp */,
				A118DA2E246E5B2500184600 /* mp3control.h */,
				A118DA2C246E5B2500184600 /* renderflags.cpp */,
				A118DA24246E5B2500184600 /* renderflags.h */,
				A118DA25246E5B2500184600 /* resource.h */,
				A118DA1F246E5B2500184600 /* timer.cpp */,
				A118DA22246E5B2500184600 /* timer.h */,
				A118DA23246E5B2500184600 /* tokenize.cpp */,
				A118DA38246E5B2600184600 /* tokenize.h */,
				A118DA39246E5B2600184600 /* vec.h */,
				A118DA18246E5B2400184600 /* disasteroids3d-Bridging-Header.h */,
			);
			name = disasteroids3d;
			sourceTree = SOURCE_ROOT;
		};
		A118DA4B246E5BD000184600 /* Frameworks */ = {
			isa = PBXGroup;
			children = (
				A19BD4E924F4CC3100C5F088 /* Metal.framework */,
				A19BD4DB24F4C04400C5F088 /* QuartzCore.framework */,
				A19BD4D924F4C00300C5F088 /* CoreGraphics.framework */,
				A13BFEBB24FAB34800073A6B /* AudioToolbox.framework */,
				A13BFEB624FAB34700073A6B /* AVFoundation.framework */,
				A13BFEBC24FAB34800073A6B /* CoreGraphics.framework */,
				A19BD4D724F4BFF400C5F088 /* Foundation.framework */,
				A19BD4D524F4BFD500C5F088 /* UIKit.framework */,
				A13BFEB524FAB34700073A6B /* Foundation.framework */,
				A13BFEB724FAB34700073A6B /* GameController.framework */,
				A13BFEBA24FAB34800073A6B /* Metal.framework */,
				A13BFEB424FAB34700073A6B /* OpenGLES.framework */,
				A13BFEB824FAB34700073A6B /* QuartzCore.framework */,
				A13BFEB924FAB34700073A6B /* UIKit.framework */,
				A19BD4D124F4B8F200C5F088 /* CoreMotion.framework */,
				A19BD4CF24F4B8EA00C5F088 /* GameController.framework */,
				A19BD4CD24F4B8E200C5F088 /* AudioToolbox.framework */,
				A19BD4BE24F4B8B700C5F088 /* AVFoundation.framework */,
				A1ABBF4024E4CF270020F6BD /* OpenGLES.framework */,
				A1D044B824788D1900A90A5A /* iOS */,
				A1D044AE24788CC800A90A5A /* macOS */,
			);
			name = Frameworks;
			sourceTree = "<group>";
		};
		A13BFE8524FAB05700073A6B /* disasteroids3d-tvOS */ = {
			isa = PBXGroup;
			children = (
				A13BFE8D24FAB05C00073A6B /* Assets.xcassets */,
				A13BFE8F24FAB05C00073A6B /* LaunchScreen.storyboard */,
				A13BFE9224FAB05C00073A6B /* Info.plist */,
			);
			path = "disasteroids3d-tvOS";
			sourceTree = "<group>";
		};
		A1D0449B24788C6A00A90A5A /* disasteroids3d-iOS */ = {
			isa = PBXGroup;
			children = (
				A1D044A524788C6C00A90A5A /* Assets.xcassets */,
				A1D044A724788C6C00A90A5A /* LaunchScreen.storyboard */,
				A1D044AA24788C6C00A90A5A /* Info.plist */,
				A19BD4ED24F7491F00C5F088 /* bridging.h */,
				A19BD4EE24F749EA00C5F088 /* sys_ios.mm */,
				A19BD4F024F74A4000C5F088 /* sys_ios.h */,
				A19BD4F124F74B0A00C5F088 /* SDL_uikitviewcontroller+Additions.swift */,
				A19BD4F324F74BC100C5F088 /* JoyStickView.swift */,
				A19BD4F524F74BDC00C5F088 /* CoreGraphics+Additions.swift */,
			);
			path = "disasteroids3d-iOS";
			sourceTree = "<group>";
		};
		A1D044AE24788CC800A90A5A /* macOS */ = {
			isa = PBXGroup;
			children = (
				A1D044AF24788CD000A90A5A /* libSDL2_mixer-2.0.0.dylib */,
				A1D044B024788CD000A90A5A /* libSDL2-2.0.0.dylib */,
				A1D044B224788CD100A90A5A /* OpenGL.framework */,
			);
			name = macOS;
			sourceTree = "<group>";
		};
		A1D044B824788D1900A90A5A /* iOS */ = {
			isa = PBXGroup;
			children = (
				A1D044D124788D5600A90A5A /* SDL_mixer.xcodeproj */,
				A1D044B924788D4800A90A5A /* SDL.xcodeproj */,
			);
			name = iOS;
			sourceTree = "<group>";
		};
		A1D044BA24788D4800A90A5A /* Products */ = {
			isa = PBXGroup;
			children = (
				A1D044C624788D4800A90A5A /* libSDL2.a */,
				A1D044C824788D4800A90A5A /* libSDL2.dylib */,
				A1D044CA24788D4800A90A5A /* libSDL2.a */,
				A1D044CC24788D4800A90A5A /* libSDL2.dylib */,
				A1D044CE24788D4800A90A5A /* libSDLmain.a */,
				A1D044D024788D4800A90A5A /* libSDLmain.a */,
			);
			name = Products;
			sourceTree = "<group>";
		};
		A1D044D224788D5600A90A5A /* Products */ = {
			isa = PBXGroup;
			children = (
				A1D044D924788D5600A90A5A /* libSDL2_mixer.a */,
				A1D044DB24788D5600A90A5A /* libSDL2_mixer.a */,
			);
			name = Products;
			sourceTree = "<group>";
		};
/* End PBXGroup section */

/* Begin PBXNativeTarget section */
		A118DA05246E58BF00184600 /* disasteroids3d-macOS */ = {
			isa = PBXNativeTarget;
			buildConfigurationList = A118DA14246E58C400184600 /* Build configuration list for PBXNativeTarget "disasteroids3d-macOS" */;
			buildPhases = (
				A118DA02246E58BF00184600 /* Sources */,
				A118DA03246E58BF00184600 /* Frameworks */,
				A118DA04246E58BF00184600 /* Resources */,
				A118DA5A246EE85000184600 /* Embed Libraries */,
			);
			buildRules = (
			);
			dependencies = (
			);
			name = "disasteroids3d-macOS";
			productName = disasteroids3d;
			productReference = A118DA06246E58BF00184600 /* disasteroids3d-macOS.app */;
			productType = "com.apple.product-type.application";
		};
		A13BFE8324FAB05700073A6B /* disasteroids3d-tvOS */ = {
			isa = PBXNativeTarget;
			buildConfigurationList = A13BFEA224FAB05C00073A6B /* Build configuration list for PBXNativeTarget "disasteroids3d-tvOS" */;
			buildPhases = (
				A13BFE8024FAB05700073A6B /* Sources */,
				A13BFE8124FAB05700073A6B /* Frameworks */,
				A13BFE8224FAB05700073A6B /* Resources */,
			);
			buildRules = (
			);
			dependencies = (
			);
			name = "disasteroids3d-tvOS";
			productName = "disasteroids3d-tvOS";
			productReference = A13BFE8424FAB05700073A6B /* disasteroids3d-tvOS.app */;
			productType = "com.apple.product-type.application";
		};
		A1D0449924788C6A00A90A5A /* disasteroids3d-iOS */ = {
			isa = PBXNativeTarget;
			buildConfigurationList = A1D044AB24788C6C00A90A5A /* Build configuration list for PBXNativeTarget "disasteroids3d-iOS" */;
			buildPhases = (
				A1D0449624788C6A00A90A5A /* Sources */,
				A1D0449724788C6A00A90A5A /* Frameworks */,
				A1D0449824788C6A00A90A5A /* Resources */,
			);
			buildRules = (
			);
			dependencies = (
			);
			name = "disasteroids3d-iOS";
			productName = "disasteroids3d-iOS";
			productReference = A1D0449A24788C6A00A90A5A /* Disasteroids 3D.app */;
			productType = "com.apple.product-type.application";
		};
/* End PBXNativeTarget section */

/* Begin PBXProject section */
		A118D9FE246E58BF00184600 /* Project object */ = {
			isa = PBXProject;
			attributes = {
				LastSwiftUpdateCheck = 1160;
				LastUpgradeCheck = 1140;
				ORGANIZATIONNAME = "Tom Kidd";
				TargetAttributes = {
					A118DA05246E58BF00184600 = {
						CreatedOnToolsVersion = 11.4.1;
						LastSwiftMigration = 1140;
					};
					A13BFE8324FAB05700073A6B = {
						CreatedOnToolsVersion = 11.6;
					};
					A1D0449924788C6A00A90A5A = {
						CreatedOnToolsVersion = 11.5;
						LastSwiftMigration = 1160;
					};
				};
			};
			buildConfigurationList = A118DA01246E58BF00184600 /* Build configuration list for PBXProject "disasteroids3d" */;
			compatibilityVersion = "Xcode 9.3";
			developmentRegion = en;
			hasScannedForEncodings = 0;
			knownRegions = (
				en,
				Base,
			);
			mainGroup = A118D9FD246E58BF00184600;
			productRefGroup = A118DA07246E58C000184600 /* Products */;
			projectDirPath = "";
			projectReferences = (
				{
					ProductGroup = A1D044BA24788D4800A90A5A /* Products */;
					ProjectRef = A1D044B924788D4800A90A5A /* SDL.xcodeproj */;
				},
				{
					ProductGroup = A1D044D224788D5600A90A5A /* Products */;
					ProjectRef = A1D044D124788D5600A90A5A /* SDL_mixer.xcodeproj */;
				},
			);
			projectRoot = "";
			targets = (
				A118DA05246E58BF00184600 /* disasteroids3d-macOS */,
				A1D0449924788C6A00A90A5A /* disasteroids3d-iOS */,
				A13BFE8324FAB05700073A6B /* disasteroids3d-tvOS */,
			);
		};
/* End PBXProject section */

/* Begin PBXReferenceProxy section */
		A1D044C624788D4800A90A5A /* libSDL2.a */ = {
			isa = PBXReferenceProxy;
			fileType = archive.ar;
			path = libSDL2.a;
			remoteRef = A1D044C524788D4800A90A5A /* PBXContainerItemProxy */;
			sourceTree = BUILT_PRODUCTS_DIR;
		};
		A1D044C824788D4800A90A5A /* libSDL2.dylib */ = {
			isa = PBXReferenceProxy;
			fileType = archive.ar;
			path = libSDL2.dylib;
			remoteRef = A1D044C724788D4800A90A5A /* PBXContainerItemProxy */;
			sourceTree = BUILT_PRODUCTS_DIR;
		};
		A1D044CA24788D4800A90A5A /* libSDL2.a */ = {
			isa = PBXReferenceProxy;
			fileType = archive.ar;
			path = libSDL2.a;
			remoteRef = A1D044C924788D4800A90A5A /* PBXContainerItemProxy */;
			sourceTree = BUILT_PRODUCTS_DIR;
		};
		A1D044CC24788D4800A90A5A /* libSDL2.dylib */ = {
			isa = PBXReferenceProxy;
			fileType = archive.ar;
			path = libSDL2.dylib;
			remoteRef = A1D044CB24788D4800A90A5A /* PBXContainerItemProxy */;
			sourceTree = BUILT_PRODUCTS_DIR;
		};
		A1D044CE24788D4800A90A5A /* libSDLmain.a */ = {
			isa = PBXReferenceProxy;
			fileType = archive.ar;
			path = libSDLmain.a;
			remoteRef = A1D044CD24788D4800A90A5A /* PBXContainerItemProxy */;
			sourceTree = BUILT_PRODUCTS_DIR;
		};
		A1D044D024788D4800A90A5A /* libSDLmain.a */ = {
			isa = PBXReferenceProxy;
			fileType = archive.ar;
			path = libSDLmain.a;
			remoteRef = A1D044CF24788D4800A90A5A /* PBXContainerItemProxy */;
			sourceTree = BUILT_PRODUCTS_DIR;
		};
		A1D044D924788D5600A90A5A /* libSDL2_mixer.a */ = {
			isa = PBXReferenceProxy;
			fileType = archive.ar;
			path = libSDL2_mixer.a;
			remoteRef = A1D044D824788D5600A90A5A /* PBXContainerItemProxy */;
			sourceTree = BUILT_PRODUCTS_DIR;
		};
		A1D044DB24788D5600A90A5A /* libSDL2_mixer.a */ = {
			isa = PBXReferenceProxy;
			fileType = archive.ar;
			path = libSDL2_mixer.a;
			remoteRef = A1D044DA24788D5600A90A5A /* PBXContainerItemProxy */;
			sourceTree = BUILT_PRODUCTS_DIR;
		};
/* End PBXReferenceProxy section */

/* Begin PBXResourcesBuildPhase section */
		A118DA04246E58BF00184600 /* Resources */ = {
			isa = PBXResourcesBuildPhase;
			buildActionMask = 2147483647;
			files = (
				A118DA0C246E58C300184600 /* Assets.xcassets in Resources */,
				A118DA64246F064800184600 /* Res in Resources */,
			);
			runOnlyForDeploymentPostprocessing = 0;
		};
		A13BFE8224FAB05700073A6B /* Resources */ = {
			isa = PBXResourcesBuildPhase;
			buildActionMask = 2147483647;
			files = (
				A13BFEC624FAB3DC00073A6B /* Res in Resources */,
				A13BFE9124FAB05C00073A6B /* LaunchScreen.storyboard in Resources */,
				A13BFE8E24FAB05C00073A6B /* Assets.xcassets in Resources */,
			);
			runOnlyForDeploymentPostprocessing = 0;
		};
		A1D0449824788C6A00A90A5A /* Resources */ = {
			isa = PBXResourcesBuildPhase;
			buildActionMask = 2147483647;
			files = (
				A19BD4DD24F4C1C100C5F088 /* Res in Resources */,
				A1D044A924788C6C00A90A5A /* LaunchScreen.storyboard in Resources */,
				A1D044A624788C6C00A90A5A /* Assets.xcassets in Resources */,
			);
			runOnlyForDeploymentPostprocessing = 0;
		};
/* End PBXResourcesBuildPhase section */

/* Begin PBXSourcesBuildPhase section */
		A118DA02246E58BF00184600 /* Sources */ = {
			isa = PBXSourcesBuildPhase;
			buildActionMask = 2147483647;
			files = (
				A118DA0A246E58C000184600 /* AppDelegate.swift in Sources */,
				A118DA4A246E5B2600184600 /* commands.cpp in Sources */,
				A118DA3B246E5B2600184600 /* 3dglasses.cpp in Sources */,
				A118DA3D246E5B2600184600 /* tokenize.cpp in Sources */,
				A118DA3E246E5B2600184600 /* cvars.cpp in Sources */,
				A118DA46246E5B2600184600 /* console.cpp in Sources */,
				A118DA40246E5B2600184600 /* command.cpp in Sources */,
				A118DA47246E5B2600184600 /* 3dgame.cpp in Sources */,
				A118DA43246E5B2600184600 /* renderflags.cpp in Sources */,
				A118DA3C246E5B2600184600 /* timer.cpp in Sources */,
				A118DA44246E5B2600184600 /* menus.cpp in Sources */,
			);
			runOnlyForDeploymentPostprocessing = 0;
		};
		A13BFE8024FAB05700073A6B /* Sources */ = {
			isa = PBXSourcesBuildPhase;
			buildActionMask = 2147483647;
			files = (
				A13BFEAC24FAB19900073A6B /* tokenize.cpp in Sources */,
				A13BFEA324FAB17600073A6B /* 3dgame.cpp in Sources */,
				A13BFEAD24FAB1A600073A6B /* sys_ios.mm in Sources */,
				A13BFEA924FAB19900073A6B /* menus.cpp in Sources */,
				A13BFEA724FAB19900073A6B /* console.cpp in Sources */,
				A13BFEAF24FAB1AD00073A6B /* JoyStickView.swift in Sources */,
				A13BFEA524FAB19900073A6B /* command.cpp in Sources */,
				A13BFEA824FAB19900073A6B /* cvars.cpp in Sources */,
				A13BFEAA24FAB19900073A6B /* renderflags.cpp in Sources */,
				A13BFEB024FAB1B000073A6B /* CoreGraphics+Additions.swift in Sources */,
				A13BFEA424FAB17800073A6B /* 3dglasses.cpp in Sources */,
				A13BFEA624FAB19900073A6B /* commands.cpp in Sources */,
				A13BFEAB24FAB19900073A6B /* timer.cpp in Sources */,
				A13BFEAE24FAB1A900073A6B /* SDL_uikitviewcontroller+Additions.swift in Sources */,
			);
			runOnlyForDeploymentPostprocessing = 0;
		};
		A1D0449624788C6A00A90A5A /* Sources */ = {
			isa = PBXSourcesBuildPhase;
			buildActionMask = 2147483647;
			files = (
				A1D044E124788DF900A90A5A /* cvars.cpp in Sources */,
				A1D044E524788DF900A90A5A /* tokenize.cpp in Sources */,
				A1D044DF24788DF900A90A5A /* commands.cpp in Sources */,
				A1D044E224788DF900A90A5A /* menus.cpp in Sources */,
				A1D044DC24788DB300A90A5A /* 3dgame.cpp in Sources */,
				A19BD4F424F74BC100C5F088 /* JoyStickView.swift in Sources */,
				A19BD4EF24F749EA00C5F088 /* sys_ios.mm in Sources */,
				A1D044DE24788DF900A90A5A /* command.cpp in Sources */,
				A1D044E324788DF900A90A5A /* renderflags.cpp in Sources */,
				A19BD4F624F74BDC00C5F088 /* CoreGraphics+Additions.swift in Sources */,
				A1D044DD24788DD500A90A5A /* 3dglasses.cpp in Sources */,
				A1D044E024788DF900A90A5A /* console.cpp in Sources */,
				A1D044E424788DF900A90A5A /* timer.cpp in Sources */,
				A19BD4F224F74B0A00C5F088 /* SDL_uikitviewcontroller+Additions.swift in Sources */,
			);
			runOnlyForDeploymentPostprocessing = 0;
		};
/* End PBXSourcesBuildPhase section */

/* Begin PBXVariantGroup section */
		A13BFE8F24FAB05C00073A6B /* LaunchScreen.storyboard */ = {
			isa = PBXVariantGroup;
			children = (
				A13BFE9024FAB05C00073A6B /* Base */,
			);
			name = LaunchScreen.storyboard;
			sourceTree = "<group>";
		};
		A1D044A724788C6C00A90A5A /* LaunchScreen.storyboard */ = {
			isa = PBXVariantGroup;
			children = (
				A1D044A824788C6C00A90A5A /* Base */,
			);
			name = LaunchScreen.storyboard;
			sourceTree = "<group>";
		};
/* End PBXVariantGroup section */

/* Begin XCBuildConfiguration section */
		A118DA12246E58C400184600 /* Debug */ = {
			isa = XCBuildConfiguration;
			buildSettings = {
				ALWAYS_SEARCH_USER_PATHS = NO;
				CLANG_ANALYZER_NONNULL = YES;
				CLANG_ANALYZER_NUMBER_OBJECT_CONVERSION = YES_AGGRESSIVE;
				CLANG_CXX_LANGUAGE_STANDARD = "gnu++14";
				CLANG_CXX_LIBRARY = "libc++";
				CLANG_ENABLE_MODULES = YES;
				CLANG_ENABLE_OBJC_ARC = YES;
				CLANG_ENABLE_OBJC_WEAK = YES;
				CLANG_WARN_BLOCK_CAPTURE_AUTORELEASING = YES;
				CLANG_WARN_BOOL_CONVERSION = YES;
				CLANG_WARN_COMMA = YES;
				CLANG_WARN_CONSTANT_CONVERSION = YES;
				CLANG_WARN_DEPRECATED_OBJC_IMPLEMENTATIONS = YES;
				CLANG_WARN_DIRECT_OBJC_ISA_USAGE = YES_ERROR;
				CLANG_WARN_DOCUMENTATION_COMMENTS = YES;
				CLANG_WARN_EMPTY_BODY = YES;
				CLANG_WARN_ENUM_CONVERSION = YES;
				CLANG_WARN_INFINITE_RECURSION = YES;
				CLANG_WARN_INT_CONVERSION = YES;
				CLANG_WARN_NON_LITERAL_NULL_CONVERSION = YES;
				CLANG_WARN_OBJC_IMPLICIT_RETAIN_SELF = YES;
				CLANG_WARN_OBJC_LITERAL_CONVERSION = YES;
				CLANG_WARN_OBJC_ROOT_CLASS = YES_ERROR;
				CLANG_WARN_RANGE_LOOP_ANALYSIS = YES;
				CLANG_WARN_STRICT_PROTOTYPES = YES;
				CLANG_WARN_SUSPICIOUS_MOVE = YES;
				CLANG_WARN_UNGUARDED_AVAILABILITY = YES_AGGRESSIVE;
				CLANG_WARN_UNREACHABLE_CODE = YES;
				CLANG_WARN__DUPLICATE_METHOD_MATCH = YES;
				COPY_PHASE_STRIP = NO;
				DEBUG_INFORMATION_FORMAT = dwarf;
				ENABLE_STRICT_OBJC_MSGSEND = YES;
				ENABLE_TESTABILITY = YES;
				GCC_C_LANGUAGE_STANDARD = gnu11;
				GCC_DYNAMIC_NO_PIC = NO;
				GCC_NO_COMMON_BLOCKS = YES;
				GCC_OPTIMIZATION_LEVEL = 0;
				GCC_PREPROCESSOR_DEFINITIONS = (
					"DEBUG=1",
					GL_SILENCE_DEPRECATION,
					"$(inherited)",
					GLES_SILENCE_DEPRECATION,
				);
				GCC_WARN_64_TO_32_BIT_CONVERSION = YES;
				GCC_WARN_ABOUT_RETURN_TYPE = YES_ERROR;
				GCC_WARN_UNDECLARED_SELECTOR = YES;
				GCC_WARN_UNINITIALIZED_AUTOS = YES_AGGRESSIVE;
				GCC_WARN_UNUSED_FUNCTION = YES;
				GCC_WARN_UNUSED_VARIABLE = YES;
				MACOSX_DEPLOYMENT_TARGET = 10.15;
				MTL_ENABLE_DEBUG_INFO = INCLUDE_SOURCE;
				MTL_FAST_MATH = YES;
				ONLY_ACTIVE_ARCH = YES;
				SDKROOT = macosx;
				SWIFT_ACTIVE_COMPILATION_CONDITIONS = DEBUG;
				SWIFT_OPTIMIZATION_LEVEL = "-Onone";
			};
			name = Debug;
		};
		A118DA13246E58C400184600 /* Release */ = {
			isa = XCBuildConfiguration;
			buildSettings = {
				ALWAYS_SEARCH_USER_PATHS = NO;
				CLANG_ANALYZER_NONNULL = YES;
				CLANG_ANALYZER_NUMBER_OBJECT_CONVERSION = YES_AGGRESSIVE;
				CLANG_CXX_LANGUAGE_STANDARD = "gnu++14";
				CLANG_CXX_LIBRARY = "libc++";
				CLANG_ENABLE_MODULES = YES;
				CLANG_ENABLE_OBJC_ARC = YES;
				CLANG_ENABLE_OBJC_WEAK = YES;
				CLANG_WARN_BLOCK_CAPTURE_AUTORELEASING = YES;
				CLANG_WARN_BOOL_CONVERSION = YES;
				CLANG_WARN_COMMA = YES;
				CLANG_WARN_CONSTANT_CONVERSION = YES;
				CLANG_WARN_DEPRECATED_OBJC_IMPLEMENTATIONS = YES;
				CLANG_WARN_DIRECT_OBJC_ISA_USAGE = YES_ERROR;
				CLANG_WARN_DOCUMENTATION_COMMENTS = YES;
				CLANG_WARN_EMPTY_BODY = YES;
				CLANG_WARN_ENUM_CONVERSION = YES;
				CLANG_WARN_INFINITE_RECURSION = YES;
				CLANG_WARN_INT_CONVERSION = YES;
				CLANG_WARN_NON_LITERAL_NULL_CONVERSION = YES;
				CLANG_WARN_OBJC_IMPLICIT_RETAIN_SELF = YES;
				CLANG_WARN_OBJC_LITERAL_CONVERSION = YES;
				CLANG_WARN_OBJC_ROOT_CLASS = YES_ERROR;
				CLANG_WARN_RANGE_LOOP_ANALYSIS = YES;
				CLANG_WARN_STRICT_PROTOTYPES = YES;
				CLANG_WARN_SUSPICIOUS_MOVE = YES;
				CLANG_WARN_UNGUARDED_AVAILABILITY = YES_AGGRESSIVE;
				CLANG_WARN_UNREACHABLE_CODE = YES;
				CLANG_WARN__DUPLICATE_METHOD_MATCH = YES;
				COPY_PHASE_STRIP = NO;
				DEBUG_INFORMATION_FORMAT = "dwarf-with-dsym";
				ENABLE_NS_ASSERTIONS = NO;
				ENABLE_STRICT_OBJC_MSGSEND = YES;
				GCC_C_LANGUAGE_STANDARD = gnu11;
				GCC_NO_COMMON_BLOCKS = YES;
				GCC_PREPROCESSOR_DEFINITIONS = (
					GL_SILENCE_DEPRECATION,
					GLES_SILENCE_DEPRECATION,
				);
				GCC_WARN_64_TO_32_BIT_CONVERSION = YES;
				GCC_WARN_ABOUT_RETURN_TYPE = YES_ERROR;
				GCC_WARN_UNDECLARED_SELECTOR = YES;
				GCC_WARN_UNINITIALIZED_AUTOS = YES_AGGRESSIVE;
				GCC_WARN_UNUSED_FUNCTION = YES;
				GCC_WARN_UNUSED_VARIABLE = YES;
				MACOSX_DEPLOYMENT_TARGET = 10.15;
				MTL_ENABLE_DEBUG_INFO = NO;
				MTL_FAST_MATH = YES;
				SDKROOT = macosx;
				SWIFT_COMPILATION_MODE = wholemodule;
				SWIFT_OPTIMIZATION_LEVEL = "-O";
			};
			name = Release;
		};
		A118DA15246E58C400184600 /* Debug */ = {
			isa = XCBuildConfiguration;
			buildSettings = {
				ASSETCATALOG_COMPILER_APPICON_NAME = AppIcon;
				CLANG_ENABLE_MODULES = YES;
				CODE_SIGN_ENTITLEMENTS = "disasteroids3d-macOS/disasteroids3d.entitlements";
				CODE_SIGN_IDENTITY = "-";
				CODE_SIGN_STYLE = Automatic;
				COMBINE_HIDPI_IMAGES = YES;
				DEVELOPMENT_TEAM = 9UY8SFDNQ8;
				ENABLE_HARDENED_RUNTIME = NO;
				GCC_PREPROCESSOR_DEFINITIONS = (
					"DEBUG=1",
					"$(inherited)",
				);
				HEADER_SEARCH_PATHS = /opt/local/include/SDL2;
				INFOPLIST_FILE = "disasteroids3d-macOS/Info.plist";
				LD_RUNPATH_SEARCH_PATHS = (
					"$(inherited)",
					"@executable_path/../Frameworks",
				);
				LIBRARY_SEARCH_PATHS = (
					"$(inherited)",
					/usr/local/Cellar/sdl2_mixer/2.0.4/lib,
					/usr/local/Cellar/sdl2/2.0.12_1/lib,
					/opt/local/lib,
					"$(PROJECT_DIR)",
				);
				PRODUCT_BUNDLE_IDENTIFIER = com.tomkiddconsulting.disasteroids3d;
				PRODUCT_NAME = "$(TARGET_NAME)";
				SWIFT_OBJC_BRIDGING_HEADER = "";
				SWIFT_OPTIMIZATION_LEVEL = "-Onone";
				SWIFT_VERSION = 5.0;
				VALIDATE_WORKSPACE_SKIPPED_SDK_FRAMEWORKS = OpenGL;
			};
			name = Debug;
		};
		A118DA16246E58C400184600 /* Release */ = {
			isa = XCBuildConfiguration;
			buildSettings = {
				ASSETCATALOG_COMPILER_APPICON_NAME = AppIcon;
				CLANG_ENABLE_MODULES = YES;
				CODE_SIGN_ENTITLEMENTS = "disasteroids3d-macOS/disasteroids3d.entitlements";
				CODE_SIGN_IDENTITY = "-";
				CODE_SIGN_STYLE = Automatic;
				COMBINE_HIDPI_IMAGES = YES;
				DEVELOPMENT_TEAM = 9UY8SFDNQ8;
				ENABLE_HARDENED_RUNTIME = NO;
				GCC_PREPROCESSOR_DEFINITIONS = "$(inherited)";
				HEADER_SEARCH_PATHS = /opt/local/include/SDL2;
				INFOPLIST_FILE = "disasteroids3d-macOS/Info.plist";
				LD_RUNPATH_SEARCH_PATHS = (
					"$(inherited)",
					"@executable_path/../Frameworks",
				);
				LIBRARY_SEARCH_PATHS = (
					"$(inherited)",
					/usr/local/Cellar/sdl2_mixer/2.0.4/lib,
					/usr/local/Cellar/sdl2/2.0.12_1/lib,
					/opt/local/lib,
					"$(PROJECT_DIR)",
				);
				PRODUCT_BUNDLE_IDENTIFIER = com.tomkiddconsulting.disasteroids3d;
				PRODUCT_NAME = "$(TARGET_NAME)";
				SWIFT_OBJC_BRIDGING_HEADER = "";
				SWIFT_VERSION = 5.0;
				VALIDATE_WORKSPACE_SKIPPED_SDK_FRAMEWORKS = OpenGL;
			};
			name = Release;
		};
		A13BFE9324FAB05C00073A6B /* Debug */ = {
			isa = XCBuildConfiguration;
			buildSettings = {
				ASSETCATALOG_COMPILER_APPICON_NAME = "App Icon & Top Shelf Image";
				CODE_SIGN_STYLE = Automatic;
				DEVELOPMENT_TEAM = 9UY8SFDNQ8;
				GCC_PREPROCESSOR_DEFINITIONS = (
					"$(inherited)",
					GLES,
					IOS,
				);
				HEADER_SEARCH_PATHS = (
					"${SRCROOT}/SDL2/include",
					"${SRCROOT}/SDL2_mixer",
					"$(PROJECT_DIR)/SDL2/**",
				);
				INFOPLIST_FILE = "disasteroids3d-tvOS/Info.plist";
				LD_RUNPATH_SEARCH_PATHS = (
					"$(inherited)",
					"@executable_path/Frameworks",
				);
				PRODUCT_BUNDLE_IDENTIFIER = "com.tomkiddconsulting.disasteroids3d-tvOS";
				PRODUCT_NAME = "$(TARGET_NAME)";
				SDKROOT = appletvos;
				SWIFT_OBJC_BRIDGING_HEADER = "disasteroids3d-iOS/bridging.h";
				SWIFT_VERSION = 5.0;
				TARGETED_DEVICE_FAMILY = 3;
				TVOS_DEPLOYMENT_TARGET = 13.4;
				USER_HEADER_SEARCH_PATHS = "";
			};
			name = Debug;
		};
		A13BFE9424FAB05C00073A6B /* Release */ = {
			isa = XCBuildConfiguration;
			buildSettings = {
				ASSETCATALOG_COMPILER_APPICON_NAME = "App Icon & Top Shelf Image";
				CODE_SIGN_STYLE = Automatic;
				DEVELOPMENT_TEAM = 9UY8SFDNQ8;
				GCC_PREPROCESSOR_DEFINITIONS = (
					"$(inherited)",
					GLES,
					IOS,
				);
				HEADER_SEARCH_PATHS = (
					"${SRCROOT}/SDL2/include",
					"${SRCROOT}/SDL2_mixer",
					"$(PROJECT_DIR)/SDL2/**",
				);
				INFOPLIST_FILE = "disasteroids3d-tvOS/Info.plist";
				LD_RUNPATH_SEARCH_PATHS = (
					"$(inherited)",
					"@executable_path/Frameworks",
				);
				PRODUCT_BUNDLE_IDENTIFIER = "com.tomkiddconsulting.disasteroids3d-tvOS";
				PRODUCT_NAME = "$(TARGET_NAME)";
				SDKROOT = appletvos;
				SWIFT_OBJC_BRIDGING_HEADER = "disasteroids3d-iOS/bridging.h";
				SWIFT_VERSION = 5.0;
				TARGETED_DEVICE_FAMILY = 3;
				TVOS_DEPLOYMENT_TARGET = 13.4;
				USER_HEADER_SEARCH_PATHS = "";
				VALIDATE_PRODUCT = YES;
			};
			name = Release;
		};
		A1D044AC24788C6C00A90A5A /* Debug */ = {
			isa = XCBuildConfiguration;
			buildSettings = {
				ASSETCATALOG_COMPILER_APPICON_NAME = AppIcon;
				CLANG_ENABLE_MODULES = YES;
				CODE_SIGN_STYLE = Automatic;
				DEVELOPMENT_TEAM = 9UY8SFDNQ8;
				GCC_PREPROCESSOR_DEFINITIONS = (
					"$(inherited)",
					GLES,
					IOS,
				);
				HEADER_SEARCH_PATHS = (
					"${SRCROOT}/SDL2/include",
					"${SRCROOT}/SDL2_mixer",
					"$(PROJECT_DIR)/SDL2/**",
				);
				INFOPLIST_FILE = "disasteroids3d-iOS/Info.plist";
				IPHONEOS_DEPLOYMENT_TARGET = 13.5;
				LD_RUNPATH_SEARCH_PATHS = (
					"$(inherited)",
					"@executable_path/Frameworks",
				);
				PRODUCT_BUNDLE_IDENTIFIER = "com.tomkiddconsulting.disasteroids3d-iOS";
				PRODUCT_NAME = "Disasteroids 3D";
				SDKROOT = iphoneos;
				SWIFT_OBJC_BRIDGING_HEADER = "disasteroids3d-iOS/bridging.h";
				SWIFT_OBJC_INTERFACE_HEADER_NAME = "disasteroids3d_iOS-Swift.h";
				SWIFT_OPTIMIZATION_LEVEL = "-Onone";
				SWIFT_VERSION = 5.0;
				TARGETED_DEVICE_FAMILY = "1,2";
			};
			name = Debug;
		};
		A1D044AD24788C6C00A90A5A /* Release */ = {
			isa = XCBuildConfiguration;
			buildSettings = {
				ASSETCATALOG_COMPILER_APPICON_NAME = AppIcon;
				CLANG_ENABLE_MODULES = YES;
				CODE_SIGN_STYLE = Automatic;
				DEVELOPMENT_TEAM = 9UY8SFDNQ8;
				GCC_PREPROCESSOR_DEFINITIONS = (
					"$(inherited)",
					GLES,
					IOS,
				);
				HEADER_SEARCH_PATHS = (
					"${SRCROOT}/SDL2/include",
					"${SRCROOT}/SDL2_mixer",
					"$(PROJECT_DIR)/SDL2/**",
				);
				INFOPLIST_FILE = "disasteroids3d-iOS/Info.plist";
				IPHONEOS_DEPLOYMENT_TARGET = 13.5;
				LD_RUNPATH_SEARCH_PATHS = (
					"$(inherited)",
					"@executable_path/Frameworks",
				);
				PRODUCT_BUNDLE_IDENTIFIER = "com.tomkiddconsulting.disasteroids3d-iOS";
				PRODUCT_NAME = "Disasteroids 3D";
				SDKROOT = iphoneos;
				SWIFT_OBJC_BRIDGING_HEADER = "disasteroids3d-iOS/bridging.h";
				SWIFT_OBJC_INTERFACE_HEADER_NAME = "disasteroids3d_iOS-Swift.h";
				SWIFT_VERSION = 5.0;
				TARGETED_DEVICE_FAMILY = "1,2";
				VALIDATE_PRODUCT = YES;
			};
			name = Release;
		};
/* End XCBuildConfiguration section */

/* Begin XCConfigurationList section */
		A118DA01246E58BF00184600 /* Build configuration list for PBXProject "disasteroids3d" */ = {
			isa = XCConfigurationList;
			buildConfigurations = (
				A118DA12246E58C400184600 /* Debug */,
				A118DA13246E58C400184600 /* Release */,
			);
			defaultConfigurationIsVisible = 0;
			defaultConfigurationName = Release;
		};
		A118DA14246E58C400184600 /* Build configuration list for PBXNativeTarget "disasteroids3d-macOS" */ = {
			isa = XCConfigurationList;
			buildConfigurations = (
				A118DA15246E58C400184600 /* Debug */,
				A118DA16246E58C400184600 /* Release */,
			);
			defaultConfigurationIsVisible = 0;
			defaultConfigurationName = Release;
		};
		A13BFEA224FAB05C00073A6B /* Build configuration list for PBXNativeTarget "disasteroids3d-tvOS" */ = {
			isa = XCConfigurationList;
			buildConfigurations = (
				A13BFE9324FAB05C00073A6B /* Debug */,
				A13BFE9424FAB05C00073A6B /* Release */,
			);
			defaultConfigurationIsVisible = 0;
			defaultConfigurationName = Release;
		};
		A1D044AB24788C6C00A90A5A /* Build configuration list for PBXNativeTarget "disasteroids3d-iOS" */ = {
			isa = XCConfigurationList;
			buildConfigurations = (
				A1D044AC24788C6C00A90A5A /* Debug */,
				A1D044AD24788C6C00A90A5A /* Release */,
			);
			defaultConfigurationIsVisible = 0;
			defaultConfigurationName = Release;
		};
/* End XCConfigurationList section */
	};
	rootObject = A118D9FE246E58BF00184600 /* Project object */;
}
